// !$*UTF8*$!
{
	archiveVersion = 1;
	classes = {
	};
	objectVersion = 46;
	objects = {

/* Begin PBXBuildFile section */
		CAD579D51DFAB03300A76E32 /* AppDelegate.swift in Sources */ = {isa = PBXBuildFile; fileRef = CAD579D41DFAB03300A76E32 /* AppDelegate.swift */; };
		CAD579D71DFAB03300A76E32 /* ViewController.swift in Sources */ = {isa = PBXBuildFile; fileRef = CAD579D61DFAB03300A76E32 /* ViewController.swift */; };
		CAD579DA1DFAB03400A76E32 /* Main.storyboard in Resources */ = {isa = PBXBuildFile; fileRef = CAD579D81DFAB03400A76E32 /* Main.storyboard */; };
		CAD579DC1DFAB03400A76E32 /* Assets.xcassets in Resources */ = {isa = PBXBuildFile; fileRef = CAD579DB1DFAB03400A76E32 /* Assets.xcassets */; };
		CAD579DF1DFAB03400A76E32 /* LaunchScreen.storyboard in Resources */ = {isa = PBXBuildFile; fileRef = CAD579DD1DFAB03400A76E32 /* LaunchScreen.storyboard */; };
/* End PBXBuildFile section */

/* Begin PBXFileReference section */
		CAD579D11DFAB03300A76E32 /* Demo_SwiftJSON.app */ = {isa = PBXFileReference; explicitFileType = wrapper.application; includeInIndex = 0; path = Demo_SwiftJSON.app; sourceTree = BUILT_PRODUCTS_DIR; };
		CAD579D41DFAB03300A76E32 /* AppDelegate.swift */ = {isa = PBXFileReference; lastKnownFileType = sourcecode.swift; path = AppDelegate.swift; sourceTree = "<group>"; };
		CAD579D61DFAB03300A76E32 /* ViewController.swift */ = {isa = PBXFileReference; lastKnownFileType = sourcecode.swift; path = ViewController.swift; sourceTree = "<group>"; };
		CAD579D91DFAB03400A76E32 /* Base */ = {isa = PBXFileReference; lastKnownFileType = file.storyboard; name = Base; path = Base.lproj/Main.storyboard; sourceTree = "<group>"; };
		CAD579DB1DFAB03400A76E32 /* Assets.xcassets */ = {isa = PBXFileReference; lastKnownFileType = folder.assetcatalog; path = Assets.xcassets; sourceTree = "<group>"; };
		CAD579DE1DFAB03400A76E32 /* Base */ = {isa = PBXFileReference; lastKnownFileType = file.storyboard; name = Base; path = Base.lproj/LaunchScreen.storyboard; sourceTree = "<group>"; };
		CAD579E01DFAB03400A76E32 /* Info.plist */ = {isa = PBXFileReference; lastKnownFileType = text.plist.xml; path = Info.plist; sourceTree = "<group>"; };
/* End PBXFileReference section */

/* Begin PBXFrameworksBuildPhase section */
		CAD579CE1DFAB03200A76E32 /* Frameworks */ = {
			isa = PBXFrameworksBuildPhase;
			buildActionMask = 2147483647;
			files = (
			);
			runOnlyForDeploymentPostprocessing = 0;
		};
/* End PBXFrameworksBuildPhase section */

/* Begin PBXGroup section */
		CAD579C81DFAB03200A76E32 = {
			isa = PBXGroup;
			children = (
				CAD579D31DFAB03300A76E32 /* Demo_SwiftJSON */,
				CAD579D21DFAB03300A76E32 /* Products */,
			);
			sourceTree = "<group>";
		};
		CAD579D21DFAB03300A76E32 /* Products */ = {
			isa = PBXGroup;
			children = (
				CAD579D11DFAB03300A76E32 /* Demo_SwiftJSON.app */,
			);
			name = Products;
			sourceTree = "<group>";
		};
		CAD579D31DFAB03300A76E32 /* Demo_SwiftJSON */ = {
			isa = PBXGroup;
			children = (
				CAD579D41DFAB03300A76E32 /* AppDelegate.swift */,
				CAD579D61DFAB03300A76E32 /* ViewController.swift */,
				CAD579D81DFAB03400A76E32 /* Main.storyboard */,
				CAD579DB1DFAB03400A76E32 /* Assets.xcassets */,
				CAD579DD1DFAB03400A76E32 /* LaunchScreen.storyboard */,
				CAD579E01DFAB03400A76E32 /* Info.plist */,
			);
			path = Demo_SwiftJSON;
			sourceTree = "<group>";
		};
/* End PBXGroup section */

/* Begin PBXNativeTarget section */
		CAD579D01DFAB03200A76E32 /* Demo_SwiftJSON */ = {
			isa = PBXNativeTarget;
			buildConfigurationList = CAD579E31DFAB03400A76E32 /* Build configuration list for PBXNativeTarget "Demo_SwiftJSON" */;
			buildPhases = (
				CAD579CD1DFAB03200A76E32 /* Sources */,
				CAD579CE1DFAB03200A76E32 /* Frameworks */,
				CAD579CF1DFAB03200A76E32 /* Resources */,
			);
			buildRules = (
			);
			dependencies = (
			);
			name = Demo_SwiftJSON;
			productName = Demo_SwiftJSON;
			productReference = CAD579D11DFAB03300A76E32 /* Demo_SwiftJSON.app */;
			productType = "com.apple.product-type.application";
		};
/* End PBXNativeTarget section */

/* Begin PBXProject section */
		CAD579C91DFAB03200A76E32 /* Project object */ = {
			isa = PBXProject;
			attributes = {
				LastSwiftUpdateCheck = 0800;
				LastUpgradeCheck = 0820;
				ORGANIZATIONNAME = Enerjik;
				TargetAttributes = {
					CAD579D01DFAB03200A76E32 = {
						CreatedOnToolsVersion = 8.0;
						ProvisioningStyle = Manual;
					};
				};
			};
			buildConfigurationList = CAD579CC1DFAB03200A76E32 /* Build configuration list for PBXProject "Demo_SwiftJSON" */;
			compatibilityVersion = "Xcode 3.2";
			developmentRegion = English;
			hasScannedForEncodings = 0;
			knownRegions = (
				en,
				Base,
			);
			mainGroup = CAD579C81DFAB03200A76E32;
			productRefGroup = CAD579D21DFAB03300A76E32 /* Products */;
			projectDirPath = "";
			projectRoot = "";
			targets = (
				CAD579D01DFAB03200A76E32 /* Demo_SwiftJSON */,
			);
		};
/* End PBXProject section */

/* Begin PBXResourcesBuildPhase section */
		CAD579CF1DFAB03200A76E32 /* Resources */ = {
			isa = PBXResourcesBuildPhase;
			buildActionMask = 2147483647;
			files = (
				CAD579DF1DFAB03400A76E32 /* LaunchScreen.storyboard in Resources */,
				CAD579DC1DFAB03400A76E32 /* Assets.xcassets in Resources */,
				CAD579DA1DFAB03400A76E32 /* Main.storyboard in Resources */,
			);
			runOnlyForDeploymentPostprocessing = 0;
		};
/* End PBXResourcesBuildPhase section */

/* Begin PBXSourcesBuildPhase section */
		CAD579CD1DFAB03200A76E32 /* Sources */ = {
			isa = PBXSourcesBuildPhase;
			buildActionMask = 2147483647;
			files = (
				CAD579D71DFAB03300A76E32 /* ViewController.swift in Sources */,
				CAD579D51DFAB03300A76E32 /* AppDelegate.swift in Sources */,
			);
			runOnlyForDeploymentPostprocessing = 0;
		};
/* End PBXSourcesBuildPhase section */

/* Begin PBXVariantGroup section */
		CAD579D81DFAB03400A76E32 /* Main.storyboard */ = {
			isa = PBXVariantGroup;
			children = (
				CAD579D91DFAB03400A76E32 /* Base */,
			);
			name = Main.storyboard;
			sourceTree = "<group>";
		};
		CAD579DD1DFAB03400A76E32 /* LaunchScreen.storyboard */ = {
			isa = PBXVariantGroup;
			children = (
				CAD579DE1DFAB03400A76E32 /* Base */,
			);
			name = LaunchScreen.storyboard;
			sourceTree = "<group>";
		};
/* End PBXVariantGroup section */

/* Begin XCBuildConfiguration section */
		CAD579E11DFAB03400A76E32 /* Debug */ = {
			isa = XCBuildConfiguration;
			buildSettings = {
				ALWAYS_SEARCH_USER_PATHS = NO;
				CLANG_ANALYZER_NONNULL = YES;
				CLANG_CXX_LANGUAGE_STANDARD = "gnu++0x";
				CLANG_CXX_LIBRARY = "libc++";
				CLANG_ENABLE_MODULES = YES;
				CLANG_ENABLE_OBJC_ARC = YES;
				CLANG_WARN_BOOL_CONVERSION = YES;
				CLANG_WARN_CONSTANT_CONVERSION = YES;
				CLANG_WARN_DIRECT_OBJC_ISA_USAGE = YES_ERROR;
				CLANG_WARN_DOCUMENTATION_COMMENTS = YES;
				CLANG_WARN_EMPTY_BODY = YES;
				CLANG_WARN_ENUM_CONVERSION = YES;
				CLANG_WARN_INFINITE_RECURSION = YES;
				CLANG_WARN_INT_CONVERSION = YES;
				CLANG_WARN_OBJC_ROOT_CLASS = YES_ERROR;
				CLANG_WARN_SUSPICIOUS_MOVE = YES;
				CLANG_WARN_SUSPICIOUS_MOVES = YES;
				CLANG_WARN_UNREACHABLE_CODE = YES;
				CLANG_WARN__DUPLICATE_METHOD_MATCH = YES;
				"CODE_SIGN_IDENTITY[sdk=iphoneos*]" = "iPhone Developer";
				COPY_PHASE_STRIP = NO;
				DEBUG_INFORMATION_FORMAT = dwarf;
				ENABLE_STRICT_OBJC_MSGSEND = YES;
				ENABLE_TESTABILITY = YES;
				GCC_C_LANGUAGE_STANDARD = gnu99;
				GCC_DYNAMIC_NO_PIC = NO;
				GCC_NO_COMMON_BLOCKS = YES;
				GCC_OPTIMIZATION_LEVEL = 0;
				GCC_PREPROCESSOR_DEFINITIONS = (
					"DEBUG=1",
					"$(inherited)",
				);
				GCC_WARN_64_TO_32_BIT_CONVERSION = YES;
				GCC_WARN_ABOUT_RETURN_TYPE = YES_ERROR;
				GCC_WARN_UNDECLARED_SELECTOR = YES;
				GCC_WARN_UNINITIALIZED_AUTOS = YES_AGGRESSIVE;
				GCC_WARN_UNUSED_FUNCTION = YES;
				GCC_WARN_UNUSED_VARIABLE = YES;
				IPHONEOS_DEPLOYMENT_TARGET = 8.0;
				MTL_ENABLE_DEBUG_INFO = YES;
				ONLY_ACTIVE_ARCH = YES;
				SDKROOT = iphoneos;
				SWIFT_ACTIVE_COMPILATION_CONDITIONS = DEBUG;
				SWIFT_OPTIMIZATION_LEVEL = "-Onone";
				TARGETED_DEVICE_FAMILY = "1,2";
			};
			name = Debug;
		};
		CAD579E21DFAB03400A76E32 /* Release */ = {
			isa = XCBuildConfiguration;
			buildSettings = {
				ALWAYS_SEARCH_USER_PATHS = NO;
				CLANG_ANALYZER_NONNULL = YES;
				CLANG_CXX_LANGUAGE_STANDARD = "gnu++0x";
				CLANG_CXX_LIBRARY = "libc++";
				CLANG_ENABLE_MODULES = YES;
				CLANG_ENABLE_OBJC_ARC = YES;
				CLANG_WARN_BOOL_CONVERSION = YES;
				CLANG_WARN_CONSTANT_CONVERSION = YES;
				CLANG_WARN_DIRECT_OBJC_ISA_USAGE = YES_ERROR;
				CLANG_WARN_DOCUMENTATION_COMMENTS = YES;
				CLANG_WARN_EMPTY_BODY = YES;
				CLANG_WARN_ENUM_CONVERSION = YES;
				CLANG_WARN_INFINITE_RECURSION = YES;
				CLANG_WARN_INT_CONVERSION = YES;
				CLANG_WARN_OBJC_ROOT_CLASS = YES_ERROR;
				CLANG_WARN_SUSPICIOUS_MOVE = YES;
				CLANG_WARN_SUSPICIOUS_MOVES = YES;
				CLANG_WARN_UNREACHABLE_CODE = YES;
				CLANG_WARN__DUPLICATE_METHOD_MATCH = YES;
				"CODE_SIGN_IDENTITY[sdk=iphoneos*]" = "iPhone Developer";
				COPY_PHASE_STRIP = NO;
				DEBUG_INFORMATION_FORMAT = "dwarf-with-dsym";
				ENABLE_NS_ASSERTIONS = NO;
				ENABLE_STRICT_OBJC_MSGSEND = YES;
				GCC_C_LANGUAGE_STANDARD = gnu99;
				GCC_NO_COMMON_BLOCKS = YES;
				GCC_WARN_64_TO_32_BIT_CONVERSION = YES;
				GCC_WARN_ABOUT_RETURN_TYPE = YES_ERROR;
				GCC_WARN_UNDECLARED_SELECTOR = YES;
				GCC_WARN_UNINITIALIZED_AUTOS = YES_AGGRESSIVE;
				GCC_WARN_UNUSED_FUNCTION = YES;
				GCC_WARN_UNUSED_VARIABLE = YES;
				IPHONEOS_DEPLOYMENT_TARGET = 8.0;
				MTL_ENABLE_DEBUG_INFO = NO;
				SDKROOT = iphoneos;
				SWIFT_OPTIMIZATION_LEVEL = "-Owholemodule";
				TARGETED_DEVICE_FAMILY = "1,2";
				VALIDATE_PRODUCT = YES;
			};
			name = Release;
		};
		CAD579E41DFAB03400A76E32 /* Debug */ = {
			isa = XCBuildConfiguration;
			buildSettings = {
				ASSETCATALOG_COMPILER_APPICON_NAME = AppIcon;
				DEVELOPMENT_TEAM = "";
				INFOPLIST_FILE = Demo_SwiftJSON/Info.plist;
				IPHONEOS_DEPLOYMENT_TARGET = 8.0;
				LD_RUNPATH_SEARCH_PATHS = "$(inherited) @executable_path/Frameworks";
				PRODUCT_BUNDLE_IDENTIFIER = "enerjik.Demo-SwiftJSON";
				PRODUCT_NAME = "$(TARGET_NAME)";
				SWIFT_VERSION = 3.0;
			};
			name = Debug;
		};
		CAD579E51DFAB03400A76E32 /* Release */ = {
			isa = XCBuildConfiguration;
			buildSettings = {
				ASSETCATALOG_COMPILER_APPICON_NAME = AppIcon;
				DEVELOPMENT_TEAM = "";
				INFOPLIST_FILE = Demo_SwiftJSON/Info.plist;
				IPHONEOS_DEPLOYMENT_TARGET = 8.0;
				LD_RUNPATH_SEARCH_PATHS = "$(inherited) @executable_path/Frameworks";
				PRODUCT_BUNDLE_IDENTIFIER = "enerjik.Demo-SwiftJSON";
				PRODUCT_NAME = "$(TARGET_NAME)";
				SWIFT_VERSION = 3.0;
			};
			name = Release;
		};
/* End XCBuildConfiguration section */

/* Begin XCConfigurationList section */
		CAD579CC1DFAB03200A76E32 /* Build configuration list for PBXProject "Demo_SwiftJSON" */ = {
			isa = XCConfigurationList;
			buildConfigurations = (
				CAD579E11DFAB03400A76E32 /* Debug */,
				CAD579E21DFAB03400A76E32 /* Release */,
			);
			defaultConfigurationIsVisible = 0;
			defaultConfigurationName = Release;
		};
		CAD579E31DFAB03400A76E32 /* Build configuration list for PBXNativeTarget "Demo_SwiftJSON" */ = {
			isa = XCConfigurationList;
			buildConfigurations = (
				CAD579E41DFAB03400A76E32 /* Debug */,
				CAD579E51DFAB03400A76E32 /* Release */,
			);
			defaultConfigurationIsVisible = 0;
			defaultConfigurationName = Release;
		};
/* End XCConfigurationList section */
	};
	rootObject = CAD579C91DFAB03200A76E32 /* Project object */;
}
